// !$*UTF8*$!
{
	archiveVersion = 1;
	classes = {
	};
	objectVersion = 51;
	objects = {

/* Begin PBXBuildFile section */
		C4C44FA9F9C31464A00F279C /* Pods_Timer.framework in Frameworks */ = {isa = PBXBuildFile; fileRef = CDA5D9D5D6068E3DA3D7881D /* Pods_Timer.framework */; };
		D9812BC4273EBCFD00108613 /* ViewModelType.swift in Sources */ = {isa = PBXBuildFile; fileRef = D9812BC3273EBCFD00108613 /* ViewModelType.swift */; };
		D9812BC9273EBDBB00108613 /* TimerViewModel.swift in Sources */ = {isa = PBXBuildFile; fileRef = D9812BC8273EBDBB00108613 /* TimerViewModel.swift */; };
		D9812BCC273EBEFE00108613 /* TimerNavigator.swift in Sources */ = {isa = PBXBuildFile; fileRef = D9812BCB273EBEFE00108613 /* TimerNavigator.swift */; };
		D9BA437D273EB747001F6D00 /* AppDelegate.swift in Sources */ = {isa = PBXBuildFile; fileRef = D9BA437C273EB747001F6D00 /* AppDelegate.swift */; };
		D9BA437F273EB747001F6D00 /* SceneDelegate.swift in Sources */ = {isa = PBXBuildFile; fileRef = D9BA437E273EB747001F6D00 /* SceneDelegate.swift */; };
		D9BA4381273EB747001F6D00 /* TimerViewController.swift in Sources */ = {isa = PBXBuildFile; fileRef = D9BA4380273EB747001F6D00 /* TimerViewController.swift */; };
		D9BA4386273EB748001F6D00 /* Assets.xcassets in Resources */ = {isa = PBXBuildFile; fileRef = D9BA4385273EB748001F6D00 /* Assets.xcassets */; };
		D9BA4389273EB748001F6D00 /* LaunchScreen.storyboard in Resources */ = {isa = PBXBuildFile; fileRef = D9BA4387273EB748001F6D00 /* LaunchScreen.storyboard */; };
/* End PBXBuildFile section */

/* Begin PBXFileReference section */
		C8D77C471FF3CFD917F55B08 /* Pods-Timer.release.xcconfig */ = {isa = PBXFileReference; includeInIndex = 1; lastKnownFileType = text.xcconfig; name = "Pods-Timer.release.xcconfig"; path = "Target Support Files/Pods-Timer/Pods-Timer.release.xcconfig"; sourceTree = "<group>"; };
		CDA5D9D5D6068E3DA3D7881D /* Pods_Timer.framework */ = {isa = PBXFileReference; explicitFileType = wrapper.framework; includeInIndex = 0; path = Pods_Timer.framework; sourceTree = BUILT_PRODUCTS_DIR; };
		D9812BC3273EBCFD00108613 /* ViewModelType.swift */ = {isa = PBXFileReference; lastKnownFileType = sourcecode.swift; path = ViewModelType.swift; sourceTree = "<group>"; };
		D9812BC8273EBDBB00108613 /* TimerViewModel.swift */ = {isa = PBXFileReference; lastKnownFileType = sourcecode.swift; path = TimerViewModel.swift; sourceTree = "<group>"; };
		D9812BCB273EBEFE00108613 /* TimerNavigator.swift */ = {isa = PBXFileReference; lastKnownFileType = sourcecode.swift; path = TimerNavigator.swift; sourceTree = "<group>"; };
		D9BA4379273EB747001F6D00 /* Timer.app */ = {isa = PBXFileReference; explicitFileType = wrapper.application; includeInIndex = 0; path = Timer.app; sourceTree = BUILT_PRODUCTS_DIR; };
		D9BA437C273EB747001F6D00 /* AppDelegate.swift */ = {isa = PBXFileReference; lastKnownFileType = sourcecode.swift; path = AppDelegate.swift; sourceTree = "<group>"; };
		D9BA437E273EB747001F6D00 /* SceneDelegate.swift */ = {isa = PBXFileReference; lastKnownFileType = sourcecode.swift; path = SceneDelegate.swift; sourceTree = "<group>"; };
		D9BA4380273EB747001F6D00 /* TimerViewController.swift */ = {isa = PBXFileReference; lastKnownFileType = sourcecode.swift; path = TimerViewController.swift; sourceTree = "<group>"; };
		D9BA4385273EB748001F6D00 /* Assets.xcassets */ = {isa = PBXFileReference; lastKnownFileType = folder.assetcatalog; path = Assets.xcassets; sourceTree = "<group>"; };
		D9BA4388273EB748001F6D00 /* Base */ = {isa = PBXFileReference; lastKnownFileType = file.storyboard; name = Base; path = Base.lproj/LaunchScreen.storyboard; sourceTree = "<group>"; };
		D9BA438A273EB748001F6D00 /* Info.plist */ = {isa = PBXFileReference; lastKnownFileType = text.plist.xml; path = Info.plist; sourceTree = "<group>"; };
		F0F15EFEEBF7AD0EDC8852C6 /* Pods-Timer.debug.xcconfig */ = {isa = PBXFileReference; includeInIndex = 1; lastKnownFileType = text.xcconfig; name = "Pods-Timer.debug.xcconfig"; path = "Target Support Files/Pods-Timer/Pods-Timer.debug.xcconfig"; sourceTree = "<group>"; };
/* End PBXFileReference section */

/* Begin PBXFrameworksBuildPhase section */
		D9BA4376273EB747001F6D00 /* Frameworks */ = {
			isa = PBXFrameworksBuildPhase;
			buildActionMask = 2147483647;
			files = (
				C4C44FA9F9C31464A00F279C /* Pods_Timer.framework in Frameworks */,
			);
			runOnlyForDeploymentPostprocessing = 0;
		};
/* End PBXFrameworksBuildPhase section */

/* Begin PBXGroup section */
		39C46FA69E9E33DF8477A455 /* Frameworks */ = {
			isa = PBXGroup;
			children = (
				CDA5D9D5D6068E3DA3D7881D /* Pods_Timer.framework */,
			);
			name = Frameworks;
			sourceTree = "<group>";
		};
		642E60A32B88144CDD21D2D8 /* Pods */ = {
			isa = PBXGroup;
			children = (
				F0F15EFEEBF7AD0EDC8852C6 /* Pods-Timer.debug.xcconfig */,
				C8D77C471FF3CFD917F55B08 /* Pods-Timer.release.xcconfig */,
			);
			path = Pods;
			sourceTree = "<group>";
		};
		D9812BB5273EBC2C00108613 /* Resources */ = {
			isa = PBXGroup;
			children = (
				D9BA4385273EB748001F6D00 /* Assets.xcassets */,
			);
			path = Resources;
			sourceTree = "<group>";
		};
		D9812BB7273EBC6600108613 /* App */ = {
			isa = PBXGroup;
			children = (
				D9BA437C273EB747001F6D00 /* AppDelegate.swift */,
				D9BA437E273EB747001F6D00 /* SceneDelegate.swift */,
			);
			path = App;
			sourceTree = "<group>";
		};
		D9812BB8273EBC8700108613 /* Modules */ = {
			isa = PBXGroup;
			children = (
				D9BA4387273EB748001F6D00 /* LaunchScreen.storyboard */,
				D9812BBE273EBCD200108613 /* Common */,
				D9812BBD273EBCB800108613 /* Timer */,
			);
			path = Modules;
			sourceTree = "<group>";
		};
		D9812BBB273EBCA000108613 /* Utilities */ = {
			isa = PBXGroup;
			children = (
			);
			path = Utilities;
			sourceTree = "<group>";
		};
		D9812BBD273EBCB800108613 /* Timer */ = {
			isa = PBXGroup;
			children = (
				D9812BCB273EBEFE00108613 /* TimerNavigator.swift */,
				D9BA4380273EB747001F6D00 /* TimerViewController.swift */,
				D9812BC8273EBDBB00108613 /* TimerViewModel.swift */,
			);
			path = Timer;
			sourceTree = "<group>";
		};
		D9812BBE273EBCD200108613 /* Common */ = {
			isa = PBXGroup;
			children = (
				D9812BC7273EBDA700108613 /* ViewControllers */,
				D9812BC6273EBDA400108613 /* Views */,
				D9812BC1273EBCED00108613 /* MVVM */,
			);
			path = Common;
			sourceTree = "<group>";
		};
		D9812BC1273EBCED00108613 /* MVVM */ = {
			isa = PBXGroup;
			children = (
				D9812BC3273EBCFD00108613 /* ViewModelType.swift */,
			);
			path = MVVM;
			sourceTree = "<group>";
		};
		D9812BC6273EBDA400108613 /* Views */ = {
			isa = PBXGroup;
			children = (
			);
			path = Views;
			sourceTree = "<group>";
		};
		D9812BC7273EBDA700108613 /* ViewControllers */ = {
			isa = PBXGroup;
			children = (
			);
			path = ViewControllers;
			sourceTree = "<group>";
		};
		D9BA4370273EB747001F6D00 = {
			isa = PBXGroup;
			children = (
				D9BA437B273EB747001F6D00 /* Timer */,
				D9BA437A273EB747001F6D00 /* Products */,
				642E60A32B88144CDD21D2D8 /* Pods */,
				39C46FA69E9E33DF8477A455 /* Frameworks */,
			);
			sourceTree = "<group>";
		};
		D9BA437A273EB747001F6D00 /* Products */ = {
			isa = PBXGroup;
			children = (
				D9BA4379273EB747001F6D00 /* Timer.app */,
			);
			name = Products;
			sourceTree = "<group>";
		};
		D9BA437B273EB747001F6D00 /* Timer */ = {
			isa = PBXGroup;
			children = (
				D9812BB7273EBC6600108613 /* App */,
				D9812BB5273EBC2C00108613 /* Resources */,
				D9812BBB273EBCA000108613 /* Utilities */,
				D9812BB8273EBC8700108613 /* Modules */,
				D9BA438A273EB748001F6D00 /* Info.plist */,
			);
			path = Timer;
			sourceTree = "<group>";
		};
/* End PBXGroup section */

/* Begin PBXNativeTarget section */
		D9BA4378273EB747001F6D00 /* Timer */ = {
			isa = PBXNativeTarget;
			buildConfigurationList = D9BA438D273EB748001F6D00 /* Build configuration list for PBXNativeTarget "Timer" */;
			buildPhases = (
				D6488053241876A83218D4D0 /* [CP] Check Pods Manifest.lock */,
				D9BA4375273EB747001F6D00 /* Sources */,
				D9BA4376273EB747001F6D00 /* Frameworks */,
				D9BA4377273EB747001F6D00 /* Resources */,
				53527DC19DA5633AF0680D9C /* [CP] Embed Pods Frameworks */,
			);
			buildRules = (
			);
			dependencies = (
			);
			name = Timer;
			productName = Timer;
			productReference = D9BA4379273EB747001F6D00 /* Timer.app */;
			productType = "com.apple.product-type.application";
		};
/* End PBXNativeTarget section */

/* Begin PBXProject section */
		D9BA4371273EB747001F6D00 /* Project object */ = {
			isa = PBXProject;
			attributes = {
				LastSwiftUpdateCheck = 1240;
				LastUpgradeCheck = 1240;
				TargetAttributes = {
					D9BA4378273EB747001F6D00 = {
						CreatedOnToolsVersion = 12.4;
					};
				};
			};
			buildConfigurationList = D9BA4374273EB747001F6D00 /* Build configuration list for PBXProject "Timer" */;
			compatibilityVersion = "Xcode 9.3";
			developmentRegion = en;
			hasScannedForEncodings = 0;
			knownRegions = (
				en,
				Base,
			);
			mainGroup = D9BA4370273EB747001F6D00;
			productRefGroup = D9BA437A273EB747001F6D00 /* Products */;
			projectDirPath = "";
			projectRoot = "";
			targets = (
				D9BA4378273EB747001F6D00 /* Timer */,
			);
		};
/* End PBXProject section */

/* Begin PBXResourcesBuildPhase section */
		D9BA4377273EB747001F6D00 /* Resources */ = {
			isa = PBXResourcesBuildPhase;
			buildActionMask = 2147483647;
			files = (
				D9BA4389273EB748001F6D00 /* LaunchScreen.storyboard in Resources */,
				D9BA4386273EB748001F6D00 /* Assets.xcassets in Resources */,
			);
			runOnlyForDeploymentPostprocessing = 0;
		};
/* End PBXResourcesBuildPhase section */

/* Begin PBXShellScriptBuildPhase section */
		53527DC19DA5633AF0680D9C /* [CP] Embed Pods Frameworks */ = {
			isa = PBXShellScriptBuildPhase;
			buildActionMask = 2147483647;
			files = (
			);
			inputFileListPaths = (
				"${PODS_ROOT}/Target Support Files/Pods-Timer/Pods-Timer-frameworks-${CONFIGURATION}-input-files.xcfilelist",
			);
			name = "[CP] Embed Pods Frameworks";
			outputFileListPaths = (
				"${PODS_ROOT}/Target Support Files/Pods-Timer/Pods-Timer-frameworks-${CONFIGURATION}-output-files.xcfilelist",
			);
			runOnlyForDeploymentPostprocessing = 0;
			shellPath = /bin/sh;
			shellScript = "\"${PODS_ROOT}/Target Support Files/Pods-Timer/Pods-Timer-frameworks.sh\"\n";
			showEnvVarsInLog = 0;
		};
		D6488053241876A83218D4D0 /* [CP] Check Pods Manifest.lock */ = {
			isa = PBXShellScriptBuildPhase;
			buildActionMask = 2147483647;
			files = (
			);
			inputFileListPaths = (
			);
			inputPaths = (
				"${PODS_PODFILE_DIR_PATH}/Podfile.lock",
				"${PODS_ROOT}/Manifest.lock",
			);
			name = "[CP] Check Pods Manifest.lock";
			outputFileListPaths = (
			);
			outputPaths = (
				"$(DERIVED_FILE_DIR)/Pods-Timer-checkManifestLockResult.txt",
			);
			runOnlyForDeploymentPostprocessing = 0;
			shellPath = /bin/sh;
			shellScript = "diff \"${PODS_PODFILE_DIR_PATH}/Podfile.lock\" \"${PODS_ROOT}/Manifest.lock\" > /dev/null\nif [ $? != 0 ] ; then\n    # print error to STDERR\n    echo \"error: The sandbox is not in sync with the Podfile.lock. Run 'pod install' or update your CocoaPods installation.\" >&2\n    exit 1\nfi\n# This output is used by Xcode 'outputs' to avoid re-running this script phase.\necho \"SUCCESS\" > \"${SCRIPT_OUTPUT_FILE_0}\"\n";
			showEnvVarsInLog = 0;
		};
/* End PBXShellScriptBuildPhase section */

/* Begin PBXSourcesBuildPhase section */
		D9BA4375273EB747001F6D00 /* Sources */ = {
			isa = PBXSourcesBuildPhase;
			buildActionMask = 2147483647;
			files = (
				D9812BC9273EBDBB00108613 /* TimerViewModel.swift in Sources */,
				D9812BC4273EBCFD00108613 /* ViewModelType.swift in Sources */,
				D9BA4381273EB747001F6D00 /* TimerViewController.swift in Sources */,
				D9BA437D273EB747001F6D00 /* AppDelegate.swift in Sources */,
				D9BA437F273EB747001F6D00 /* SceneDelegate.swift in Sources */,
				D9812BCC273EBEFE00108613 /* TimerNavigator.swift in Sources */,
			);
			runOnlyForDeploymentPostprocessing = 0;
		};
/* End PBXSourcesBuildPhase section */

/* Begin PBXVariantGroup section */
		D9BA4387273EB748001F6D00 /* LaunchScreen.storyboard */ = {
			isa = PBXVariantGroup;
			children = (
				D9BA4388273EB748001F6D00 /* Base */,
			);
			name = LaunchScreen.storyboard;
			sourceTree = "<group>";
		};
/* End PBXVariantGroup section */

/* Begin XCBuildConfiguration section */
		D9BA438B273EB748001F6D00 /* Debug */ = {
			isa = XCBuildConfiguration;
			buildSettings = {
				ALWAYS_SEARCH_USER_PATHS = NO;
				CLANG_ANALYZER_NONNULL = YES;
				CLANG_ANALYZER_NUMBER_OBJECT_CONVERSION = YES_AGGRESSIVE;
				CLANG_CXX_LANGUAGE_STANDARD = "gnu++14";
				CLANG_CXX_LIBRARY = "libc++";
				CLANG_ENABLE_MODULES = YES;
				CLANG_ENABLE_OBJC_ARC = YES;
				CLANG_ENABLE_OBJC_WEAK = YES;
				CLANG_WARN_BLOCK_CAPTURE_AUTORELEASING = YES;
				CLANG_WARN_BOOL_CONVERSION = YES;
				CLANG_WARN_COMMA = YES;
				CLANG_WARN_CONSTANT_CONVERSION = YES;
				CLANG_WARN_DEPRECATED_OBJC_IMPLEMENTATIONS = YES;
				CLANG_WARN_DIRECT_OBJC_ISA_USAGE = YES_ERROR;
				CLANG_WARN_DOCUMENTATION_COMMENTS = YES;
				CLANG_WARN_EMPTY_BODY = YES;
				CLANG_WARN_ENUM_CONVERSION = YES;
				CLANG_WARN_INFINITE_RECURSION = YES;
				CLANG_WARN_INT_CONVERSION = YES;
				CLANG_WARN_NON_LITERAL_NULL_CONVERSION = YES;
				CLANG_WARN_OBJC_IMPLICIT_RETAIN_SELF = YES;
				CLANG_WARN_OBJC_LITERAL_CONVERSION = YES;
				CLANG_WARN_OBJC_ROOT_CLASS = YES_ERROR;
				CLANG_WARN_QUOTED_INCLUDE_IN_FRAMEWORK_HEADER = YES;
				CLANG_WARN_RANGE_LOOP_ANALYSIS = YES;
				CLANG_WARN_STRICT_PROTOTYPES = YES;
				CLANG_WARN_SUSPICIOUS_MOVE = YES;
				CLANG_WARN_UNGUARDED_AVAILABILITY = YES_AGGRESSIVE;
				CLANG_WARN_UNREACHABLE_CODE = YES;
				CLANG_WARN__DUPLICATE_METHOD_MATCH = YES;
				COPY_PHASE_STRIP = NO;
				DEBUG_INFORMATION_FORMAT = dwarf;
				ENABLE_STRICT_OBJC_MSGSEND = YES;
				ENABLE_TESTABILITY = YES;
				GCC_C_LANGUAGE_STANDARD = gnu11;
				GCC_DYNAMIC_NO_PIC = NO;
				GCC_NO_COMMON_BLOCKS = YES;
				GCC_OPTIMIZATION_LEVEL = 0;
				GCC_PREPROCESSOR_DEFINITIONS = (
					"DEBUG=1",
					"$(inherited)",
				);
				GCC_WARN_64_TO_32_BIT_CONVERSION = YES;
				GCC_WARN_ABOUT_RETURN_TYPE = YES_ERROR;
				GCC_WARN_UNDECLARED_SELECTOR = YES;
				GCC_WARN_UNINITIALIZED_AUTOS = YES_AGGRESSIVE;
				GCC_WARN_UNUSED_FUNCTION = YES;
				GCC_WARN_UNUSED_VARIABLE = YES;
				IPHONEOS_DEPLOYMENT_TARGET = 14.4;
				MTL_ENABLE_DEBUG_INFO = INCLUDE_SOURCE;
				MTL_FAST_MATH = YES;
				ONLY_ACTIVE_ARCH = YES;
				SDKROOT = iphoneos;
				SWIFT_ACTIVE_COMPILATION_CONDITIONS = DEBUG;
				SWIFT_OPTIMIZATION_LEVEL = "-Onone";
			};
			name = Debug;
		};
		D9BA438C273EB748001F6D00 /* Release */ = {
			isa = XCBuildConfiguration;
			buildSettings = {
				ALWAYS_SEARCH_USER_PATHS = NO;
				CLANG_ANALYZER_NONNULL = YES;
				CLANG_ANALYZER_NUMBER_OBJECT_CONVERSION = YES_AGGRESSIVE;
				CLANG_CXX_LANGUAGE_STANDARD = "gnu++14";
				CLANG_CXX_LIBRARY = "libc++";
				CLANG_ENABLE_MODULES = YES;
				CLANG_ENABLE_OBJC_ARC = YES;
				CLANG_ENABLE_OBJC_WEAK = YES;
				CLANG_WARN_BLOCK_CAPTURE_AUTORELEASING = YES;
				CLANG_WARN_BOOL_CONVERSION = YES;
				CLANG_WARN_COMMA = YES;
				CLANG_WARN_CONSTANT_CONVERSION = YES;
				CLANG_WARN_DEPRECATED_OBJC_IMPLEMENTATIONS = YES;
				CLANG_WARN_DIRECT_OBJC_ISA_USAGE = YES_ERROR;
				CLANG_WARN_DOCUMENTATION_COMMENTS = YES;
				CLANG_WARN_EMPTY_BODY = YES;
				CLANG_WARN_ENUM_CONVERSION = YES;
				CLANG_WARN_INFINITE_RECURSION = YES;
				CLANG_WARN_INT_CONVERSION = YES;
				CLANG_WARN_NON_LITERAL_NULL_CONVERSION = YES;
				CLANG_WARN_OBJC_IMPLICIT_RETAIN_SELF = YES;
				CLANG_WARN_OBJC_LITERAL_CONVERSION = YES;
				CLANG_WARN_OBJC_ROOT_CLASS = YES_ERROR;
				CLANG_WARN_QUOTED_INCLUDE_IN_FRAMEWORK_HEADER = YES;
				CLANG_WARN_RANGE_LOOP_ANALYSIS = YES;
				CLANG_WARN_STRICT_PROTOTYPES = YES;
				CLANG_WARN_SUSPICIOUS_MOVE = YES;
				CLANG_WARN_UNGUARDED_AVAILABILITY = YES_AGGRESSIVE;
				CLANG_WARN_UNREACHABLE_CODE = YES;
				CLANG_WARN__DUPLICATE_METHOD_MATCH = YES;
				COPY_PHASE_STRIP = NO;
				DEBUG_INFORMATION_FORMAT = "dwarf-with-dsym";
				ENABLE_NS_ASSERTIONS = NO;
				ENABLE_STRICT_OBJC_MSGSEND = YES;
				GCC_C_LANGUAGE_STANDARD = gnu11;
				GCC_NO_COMMON_BLOCKS = YES;
				GCC_WARN_64_TO_32_BIT_CONVERSION = YES;
				GCC_WARN_ABOUT_RETURN_TYPE = YES_ERROR;
				GCC_WARN_UNDECLARED_SELECTOR = YES;
				GCC_WARN_UNINITIALIZED_AUTOS = YES_AGGRESSIVE;
				GCC_WARN_UNUSED_FUNCTION = YES;
				GCC_WARN_UNUSED_VARIABLE = YES;
				IPHONEOS_DEPLOYMENT_TARGET = 14.4;
				MTL_ENABLE_DEBUG_INFO = NO;
				MTL_FAST_MATH = YES;
				SDKROOT = iphoneos;
				SWIFT_COMPILATION_MODE = wholemodule;
				SWIFT_OPTIMIZATION_LEVEL = "-O";
				VALIDATE_PRODUCT = YES;
			};
			name = Release;
		};
		D9BA438E273EB748001F6D00 /* Debug */ = {
			isa = XCBuildConfiguration;
			baseConfigurationReference = F0F15EFEEBF7AD0EDC8852C6 /* Pods-Timer.debug.xcconfig */;
			buildSettings = {
				ASSETCATALOG_COMPILER_APPICON_NAME = AppIcon;
				ASSETCATALOG_COMPILER_GLOBAL_ACCENT_COLOR_NAME = AccentColor;
				CODE_SIGN_STYLE = Automatic;
				DEVELOPMENT_TEAM = MT83Z9G3C6;
				INFOPLIST_FILE = Timer/Info.plist;
				LD_RUNPATH_SEARCH_PATHS = (
					"$(inherited)",
					"@executable_path/Frameworks",
				);
				PRODUCT_BUNDLE_IDENTIFIER = com.arkhipovaiur.Timer;
				PRODUCT_NAME = "$(TARGET_NAME)";
				SWIFT_VERSION = 5.0;
				TARGETED_DEVICE_FAMILY = "1,2";
			};
			name = Debug;
		};
		D9BA438F273EB748001F6D00 /* Release */ = {
			isa = XCBuildConfiguration;
			baseConfigurationReference = C8D77C471FF3CFD917F55B08 /* Pods-Timer.release.xcconfig */;
			buildSettings = {
				ASSETCATALOG_COMPILER_APPICON_NAME = AppIcon;
				ASSETCATALOG_COMPILER_GLOBAL_ACCENT_COLOR_NAME = AccentColor;
				CODE_SIGN_STYLE = Automatic;
				DEVELOPMENT_TEAM = MT83Z9G3C6;
				INFOPLIST_FILE = Timer/Info.plist;
				LD_RUNPATH_SEARCH_PATHS = (
					"$(inherited)",
					"@executable_path/Frameworks",
				);
				PRODUCT_BUNDLE_IDENTIFIER = com.arkhipovaiur.Timer;
				PRODUCT_NAME = "$(TARGET_NAME)";
				SWIFT_VERSION = 5.0;
				TARGETED_DEVICE_FAMILY = "1,2";
			};
			name = Release;
		};
/* End XCBuildConfiguration section */

/* Begin XCConfigurationList section */
		D9BA4374273EB747001F6D00 /* Build configuration list for PBXProject "Timer" */ = {
			isa = XCConfigurationList;
			buildConfigurations = (
				D9BA438B273EB748001F6D00 /* Debug */,
				D9BA438C273EB748001F6D00 /* Release */,
			);
			defaultConfigurationIsVisible = 0;
			defaultConfigurationName = Release;
		};
		D9BA438D273EB748001F6D00 /* Build configuration list for PBXNativeTarget "Timer" */ = {
			isa = XCConfigurationList;
			buildConfigurations = (
				D9BA438E273EB748001F6D00 /* Debug */,
				D9BA438F273EB748001F6D00 /* Release */,
			);
			defaultConfigurationIsVisible = 0;
			defaultConfigurationName = Release;
		};
/* End XCConfigurationList section */
	};
	rootObject = D9BA4371273EB747001F6D00 /* Project object */;
}
